
Microsoft Visual Studio Solution File, Format Version 12.00
# Visual Studio Version 16
VisualStudioVersion = 16.0.32602.291
MinimumVisualStudioVersion = 10.0.40219.1
Project("{FAE04EC0-301F-11D3-BF4B-00C04F79EFBC}") = "CallingMethods7_TA", "CallingMethods7_TA\CallingMethods7_TA.csproj", "{449E0AB0-F253-4C92-9640-4C438C95F805}"
EndProject
Global
	GlobalSection(SolutionConfigurationPlatforms) = preSolution
		Debug|Any CPU = Debug|Any CPU
		Release|Any CPU = Release|Any CPU
	EndGlobalSection
	GlobalSection(ProjectConfigurationPlatforms) = postSolution
		{449E0AB0-F253-4C92-9640-4C438C95F805}.Debug|Any CPU.ActiveCfg = Debug|Any CPU
		{449E0AB0-F253-4C92-9640-4C438C95F805}.Debug|Any CPU.Build.0 = Debug|Any CPU
		{449E0AB0-F253-4C92-9640-4C438C95F805}.Release|Any CPU.ActiveCfg = Release|Any CPU
		{449E0AB0-F253-4C92-9640-4C438C95F805}.Release|Any CPU.Build.0 = Release|Any CPU
	EndGlobalSection
	GlobalSection(SolutionProperties) = preSolution
		HideSolutionNode = FALSE
	EndGlobalSection
	GlobalSection(ExtensibilityGlobals) = postSolution
		SolutionGuid = {265DCED8-0B5E-49C8-8863-CF5FF0E04CE8}
	EndGlobalSection
EndGlobal
