
Microsoft Visual Studio Solution File, Format Version 12.00
# Visual Studio Version 16
VisualStudioVersion = 16.0.32602.291
MinimumVisualStudioVersion = 10.0.40219.1
Project("{FAE04EC0-301F-11D3-BF4B-00C04F79EFBC}") = "CallingMethods_TA", "CallingMethods_TA\CallingMethods_TA.csproj", "{D3FC3E6A-DC16-4B94-AE65-AAEDD95AF062}"
EndProject
Global
	GlobalSection(SolutionConfigurationPlatforms) = preSolution
		Debug|Any CPU = Debug|Any CPU
		Release|Any CPU = Release|Any CPU
	EndGlobalSection
	GlobalSection(ProjectConfigurationPlatforms) = postSolution
		{D3FC3E6A-DC16-4B94-AE65-AAEDD95AF062}.Debug|Any CPU.ActiveCfg = Debug|Any CPU
		{D3FC3E6A-DC16-4B94-AE65-AAEDD95AF062}.Debug|Any CPU.Build.0 = Debug|Any CPU
		{D3FC3E6A-DC16-4B94-AE65-AAEDD95AF062}.Release|Any CPU.ActiveCfg = Release|Any CPU
		{D3FC3E6A-DC16-4B94-AE65-AAEDD95AF062}.Release|Any CPU.Build.0 = Release|Any CPU
	EndGlobalSection
	GlobalSection(SolutionProperties) = preSolution
		HideSolutionNode = FALSE
	EndGlobalSection
	GlobalSection(ExtensibilityGlobals) = postSolution
		SolutionGuid = {105DD382-D8BD-419B-A749-CE77BC91F606}
	EndGlobalSection
EndGlobal
